
Microsoft Visual Studio Solution File, Format Version 12.00
# Visual Studio Version 17
VisualStudioVersion = 17.5.2.0
MinimumVisualStudioVersion = 10.0.40219.1
Project("{2150E333-8FDC-42A3-9474-1A3956D46DE8}") = "backend", "backend", "{1AE8ACA6-933B-BF2A-3671-3E2EAC007D16}"
EndProject
Project("{2150E333-8FDC-42A3-9474-1A3956D46DE8}") = "modules", "modules", "{95AF1480-9F84-72C8-4930-CB7FF39A86E3}"
EndProject
Project("{2150E333-8FDC-42A3-9474-1A3956D46DE8}") = "building-blocks", "building-blocks", "{DDD739D6-6D40-4ABB-9F6C-C2EE6C02E47A}"
EndProject
Project("{FAE04EC0-301F-11D3-BF4B-00C04F79EFBC}") = "Erp.BuildingBlocks.Domain", "backend\building-blocks\Erp.BuildingBlocks.Domain\Erp.BuildingBlocks.Domain.csproj", "{FAA9246B-E3F2-4A1B-98F2-97AB2679FD6F}"
EndProject
Project("{FAE04EC0-301F-11D3-BF4B-00C04F79EFBC}") = "Erp.BuildingBlocks.Contracts", "backend\building-blocks\Erp.BuildingBlocks.Contracts\Erp.BuildingBlocks.Contracts.csproj", "{B3DAFF6D-D4FE-4FE7-8558-C9F44DBEBAF1}"
EndProject
Project("{FAE04EC0-301F-11D3-BF4B-00C04F79EFBC}") = "Erp.BuildingBlocks.Application", "backend\building-blocks\Erp.BuildingBlocks.Application\Erp.BuildingBlocks.Application.csproj", "{B23E875B-E403-4961-8AF8-D9A2198B0753}"
EndProject
Project("{FAE04EC0-301F-11D3-BF4B-00C04F79EFBC}") = "Erp.BuildingBlocks.Persistence", "backend\building-blocks\Erp.BuildingBlocks.Persistence\Erp.BuildingBlocks.Persistence.csproj", "{99EFF6C9-F00A-449E-86AB-E0ADFEC68878}"
EndProject
Project("{FAE04EC0-301F-11D3-BF4B-00C04F79EFBC}") = "Erp.BuildingBlocks.Messaging", "backend\building-blocks\Erp.BuildingBlocks.Messaging\Erp.BuildingBlocks.Messaging.csproj", "{852396A8-025E-4FE4-B91D-1B3B26EEDD39}"
EndProject
Project("{FAE04EC0-301F-11D3-BF4B-00C04F79EFBC}") = "Erp.BuildingBlocks.Jobs", "backend\building-blocks\Erp.BuildingBlocks.Jobs\Erp.BuildingBlocks.Jobs.csproj", "{D10EF1E0-9798-444B-917F-1F031B47B1E4}"
EndProject
Project("{FAE04EC0-301F-11D3-BF4B-00C04F79EFBC}") = "Erp.BuildingBlocks.Api", "backend\building-blocks\Erp.BuildingBlocks.Api\Erp.BuildingBlocks.Api.csproj", "{D0A7C43C-30A2-4E92-8707-3F9AFB74DA11}"
EndProject
Project("{2150E333-8FDC-42A3-9474-1A3956D46DE8}") = "tests", "tests", "{F57642F3-C37C-D174-720E-6A6AAD5BEE22}"
EndProject
Project("{FAE04EC0-301F-11D3-BF4B-00C04F79EFBC}") = "Erp.ArchitectureTests", "backend\tests\Erp.ArchitectureTests\Erp.ArchitectureTests.csproj", "{6B0B537A-0FEC-4729-ACA0-C53FE34CCB2A}"
EndProject
Project("{2150E333-8FDC-42A3-9474-1A3956D46DE8}") = "Catalog", "Catalog", "{FA312981-20B0-07CD-A9A3-78514F8C9F61}"
EndProject
Project("{FAE04EC0-301F-11D3-BF4B-00C04F79EFBC}") = "Catalog.Api", "backend\modules\Catalog\Catalog.Api\Catalog.Api.csproj", "{4262C037-39A9-4DCF-99EC-C2981D84693F}"
EndProject
Project("{FAE04EC0-301F-11D3-BF4B-00C04F79EFBC}") = "Catalog.Domain", "backend\modules\Catalog\Catalog.Domain\Catalog.Domain.csproj", "{9E98B603-411E-414C-9A93-4373004BF26B}"
EndProject
Project("{FAE04EC0-301F-11D3-BF4B-00C04F79EFBC}") = "Catalog.Application", "backend\modules\Catalog\Catalog.Application\Catalog.Application.csproj", "{FD932CAD-D2E6-4F16-80BB-41EFB309E32D}"
EndProject
Project("{FAE04EC0-301F-11D3-BF4B-00C04F79EFBC}") = "Catalog.Infrastructure", "backend\modules\Catalog\Catalog.Infrastructure\Catalog.Infrastructure.csproj", "{4AC3821A-395B-4132-971D-A20539437C7A}"
EndProject
Project("{2150E333-8FDC-42A3-9474-1A3956D46DE8}") = "Notification", "Notification", "{6099FA26-B33E-E6A6-4EC1-6AFF10AB14D5}"
EndProject
Project("{FAE04EC0-301F-11D3-BF4B-00C04F79EFBC}") = "Notification.Domain", "backend\modules\Notification\Notification.Domain\Notification.Domain.csproj", "{DDB963F6-8682-4AAB-B41F-6AF007B2617B}"
EndProject
Project("{FAE04EC0-301F-11D3-BF4B-00C04F79EFBC}") = "Notification.Application", "backend\modules\Notification\Notification.Application\Notification.Application.csproj", "{969CAC1D-3BC9-425B-8B3C-8054EF0A2121}"
EndProject
Project("{FAE04EC0-301F-11D3-BF4B-00C04F79EFBC}") = "Notification.Infrastructure", "backend\modules\Notification\Notification.Infrastructure\Notification.Infrastructure.csproj", "{95C451ED-7398-40F5-9FDC-C727E1AA7D28}"
EndProject
Project("{FAE04EC0-301F-11D3-BF4B-00C04F79EFBC}") = "Notification.Api", "backend\modules\Notification\Notification.Api\Notification.Api.csproj", "{76629060-916B-4B19-AA7D-454409BE221D}"
EndProject
Project("{2150E333-8FDC-42A3-9474-1A3956D46DE8}") = "Sales", "Sales", "{6D913CED-EE32-217C-97B2-26932A8005AA}"
EndProject
Project("{FAE04EC0-301F-11D3-BF4B-00C04F79EFBC}") = "Sales.Domain", "backend\modules\Sales\Sales.Domain\Sales.Domain.csproj", "{A7FB7ED3-3F0C-42CD-B6B7-3F68FD3B300B}"
EndProject
Project("{FAE04EC0-301F-11D3-BF4B-00C04F79EFBC}") = "Sales.Application", "backend\modules\Sales\Sales.Application\Sales.Application.csproj", "{1807046F-783E-44E4-A564-A808D496CD14}"
EndProject
Project("{FAE04EC0-301F-11D3-BF4B-00C04F79EFBC}") = "Sales.Infrastructure", "backend\modules\Sales\Sales.Infrastructure\Sales.Infrastructure.csproj", "{84B06643-3FE8-41D5-8C32-9F25EFAE3911}"
EndProject
Project("{FAE04EC0-301F-11D3-BF4B-00C04F79EFBC}") = "Sales.Api", "backend\modules\Sales\Sales.Api\Sales.Api.csproj", "{D20B97F9-A167-4F99-945C-78D226EAAC21}"
EndProject
Project("{2150E333-8FDC-42A3-9474-1A3956D46DE8}") = "tests", "tests", "{0AB3BF05-4346-4AA6-1389-037BE0695223}"
EndProject
Project("{FAE04EC0-301F-11D3-BF4B-00C04F79EFBC}") = "Catalog.Tests", "backend\tests\Catalog.Tests\Catalog.Tests.csproj", "{AA8FFC8F-55F3-4A80-873A-AC3B323D3F14}"
EndProject
Project("{2150E333-8FDC-42A3-9474-1A3956D46DE8}") = "Identity", "Identity", "{5B05D1AE-F58B-888C-9C85-773872D140FA}"
EndProject
Project("{FAE04EC0-301F-11D3-BF4B-00C04F79EFBC}") = "Identity.Domain", "backend\modules\Identity\Identity.Domain\Identity.Domain.csproj", "{BC7B89D4-04F9-412E-A054-C208D94B6CDB}"
EndProject
Project("{FAE04EC0-301F-11D3-BF4B-00C04F79EFBC}") = "Identity.Application", "backend\modules\Identity\Identity.Application\Identity.Application.csproj", "{83E2115F-E70B-4383-A2C6-44D145C3EEE8}"
EndProject
Project("{FAE04EC0-301F-11D3-BF4B-00C04F79EFBC}") = "Identity.Infrastructure", "backend\modules\Identity\Identity.Infrastructure\Identity.Infrastructure.csproj", "{BCCD5385-B347-48C7-BE93-77926A88F96A}"
EndProject
Project("{FAE04EC0-301F-11D3-BF4B-00C04F79EFBC}") = "Identity.Api", "backend\modules\Identity\Identity.Api\Identity.Api.csproj", "{0D067B2A-5606-4F54-9DB2-B06CFA792519}"
EndProject
Global
	GlobalSection(SolutionConfigurationPlatforms) = preSolution
		Debug|Any CPU = Debug|Any CPU
		Debug|x64 = Debug|x64
		Debug|x86 = Debug|x86
		Release|Any CPU = Release|Any CPU
		Release|x64 = Release|x64
		Release|x86 = Release|x86
	EndGlobalSection
	GlobalSection(ProjectConfigurationPlatforms) = postSolution
		{FAA9246B-E3F2-4A1B-98F2-97AB2679FD6F}.Debug|Any CPU.ActiveCfg = Debug|Any CPU
		{FAA9246B-E3F2-4A1B-98F2-97AB2679FD6F}.Debug|Any CPU.Build.0 = Debug|Any CPU
		{FAA9246B-E3F2-4A1B-98F2-97AB2679FD6F}.Debug|x64.ActiveCfg = Debug|Any CPU
		{FAA9246B-E3F2-4A1B-98F2-97AB2679FD6F}.Debug|x64.Build.0 = Debug|Any CPU
		{FAA9246B-E3F2-4A1B-98F2-97AB2679FD6F}.Debug|x86.ActiveCfg = Debug|Any CPU
		{FAA9246B-E3F2-4A1B-98F2-97AB2679FD6F}.Debug|x86.Build.0 = Debug|Any CPU
		{FAA9246B-E3F2-4A1B-98F2-97AB2679FD6F}.Release|Any CPU.ActiveCfg = Release|Any CPU
		{FAA9246B-E3F2-4A1B-98F2-97AB2679FD6F}.Release|Any CPU.Build.0 = Release|Any CPU
		{FAA9246B-E3F2-4A1B-98F2-97AB2679FD6F}.Release|x64.ActiveCfg = Release|Any CPU
		{FAA9246B-E3F2-4A1B-98F2-97AB2679FD6F}.Release|x64.Build.0 = Release|Any CPU
		{FAA9246B-E3F2-4A1B-98F2-97AB2679FD6F}.Release|x86.ActiveCfg = Release|Any CPU
		{FAA9246B-E3F2-4A1B-98F2-97AB2679FD6F}.Release|x86.Build.0 = Release|Any CPU
		{B3DAFF6D-D4FE-4FE7-8558-C9F44DBEBAF1}.Debug|Any CPU.ActiveCfg = Debug|Any CPU
		{B3DAFF6D-D4FE-4FE7-8558-C9F44DBEBAF1}.Debug|Any CPU.Build.0 = Debug|Any CPU
		{B3DAFF6D-D4FE-4FE7-8558-C9F44DBEBAF1}.Debug|x64.ActiveCfg = Debug|Any CPU
		{B3DAFF6D-D4FE-4FE7-8558-C9F44DBEBAF1}.Debug|x64.Build.0 = Debug|Any CPU
		{B3DAFF6D-D4FE-4FE7-8558-C9F44DBEBAF1}.Debug|x86.ActiveCfg = Debug|Any CPU
		{B3DAFF6D-D4FE-4FE7-8558-C9F44DBEBAF1}.Debug|x86.Build.0 = Debug|Any CPU
		{B3DAFF6D-D4FE-4FE7-8558-C9F44DBEBAF1}.Release|Any CPU.ActiveCfg = Release|Any CPU
		{B3DAFF6D-D4FE-4FE7-8558-C9F44DBEBAF1}.Release|Any CPU.Build.0 = Release|Any CPU
		{B3DAFF6D-D4FE-4FE7-8558-C9F44DBEBAF1}.Release|x64.ActiveCfg = Release|Any CPU
		{B3DAFF6D-D4FE-4FE7-8558-C9F44DBEBAF1}.Release|x64.Build.0 = Release|Any CPU
		{B3DAFF6D-D4FE-4FE7-8558-C9F44DBEBAF1}.Release|x86.ActiveCfg = Release|Any CPU
		{B3DAFF6D-D4FE-4FE7-8558-C9F44DBEBAF1}.Release|x86.Build.0 = Release|Any CPU
		{B23E875B-E403-4961-8AF8-D9A2198B0753}.Debug|Any CPU.ActiveCfg = Debug|Any CPU
		{B23E875B-E403-4961-8AF8-D9A2198B0753}.Debug|Any CPU.Build.0 = Debug|Any CPU
		{B23E875B-E403-4961-8AF8-D9A2198B0753}.Debug|x64.ActiveCfg = Debug|Any CPU
		{B23E875B-E403-4961-8AF8-D9A2198B0753}.Debug|x64.Build.0 = Debug|Any CPU
		{B23E875B-E403-4961-8AF8-D9A2198B0753}.Debug|x86.ActiveCfg = Debug|Any CPU
		{B23E875B-E403-4961-8AF8-D9A2198B0753}.Debug|x86.Build.0 = Debug|Any CPU
		{B23E875B-E403-4961-8AF8-D9A2198B0753}.Release|Any CPU.ActiveCfg = Release|Any CPU
		{B23E875B-E403-4961-8AF8-D9A2198B0753}.Release|Any CPU.Build.0 = Release|Any CPU
		{B23E875B-E403-4961-8AF8-D9A2198B0753}.Release|x64.ActiveCfg = Release|Any CPU
		{B23E875B-E403-4961-8AF8-D9A2198B0753}.Release|x64.Build.0 = Release|Any CPU
		{B23E875B-E403-4961-8AF8-D9A2198B0753}.Release|x86.ActiveCfg = Release|Any CPU
		{B23E875B-E403-4961-8AF8-D9A2198B0753}.Release|x86.Build.0 = Release|Any CPU
		{99EFF6C9-F00A-449E-86AB-E0ADFEC68878}.Debug|Any CPU.ActiveCfg = Debug|Any CPU
		{99EFF6C9-F00A-449E-86AB-E0ADFEC68878}.Debug|Any CPU.Build.0 = Debug|Any CPU
		{99EFF6C9-F00A-449E-86AB-E0ADFEC68878}.Debug|x64.ActiveCfg = Debug|Any CPU
		{99EFF6C9-F00A-449E-86AB-E0ADFEC68878}.Debug|x64.Build.0 = Debug|Any CPU
		{99EFF6C9-F00A-449E-86AB-E0ADFEC68878}.Debug|x86.ActiveCfg = Debug|Any CPU
		{99EFF6C9-F00A-449E-86AB-E0ADFEC68878}.Debug|x86.Build.0 = Debug|Any CPU
		{99EFF6C9-F00A-449E-86AB-E0ADFEC68878}.Release|Any CPU.ActiveCfg = Release|Any CPU
		{99EFF6C9-F00A-449E-86AB-E0ADFEC68878}.Release|Any CPU.Build.0 = Release|Any CPU
		{99EFF6C9-F00A-449E-86AB-E0ADFEC68878}.Release|x64.ActiveCfg = Release|Any CPU
		{99EFF6C9-F00A-449E-86AB-E0ADFEC68878}.Release|x64.Build.0 = Release|Any CPU
		{99EFF6C9-F00A-449E-86AB-E0ADFEC68878}.Release|x86.ActiveCfg = Release|Any CPU
		{99EFF6C9-F00A-449E-86AB-E0ADFEC68878}.Release|x86.Build.0 = Release|Any CPU
		{852396A8-025E-4FE4-B91D-1B3B26EEDD39}.Debug|Any CPU.ActiveCfg = Debug|Any CPU
		{852396A8-025E-4FE4-B91D-1B3B26EEDD39}.Debug|Any CPU.Build.0 = Debug|Any CPU
		{852396A8-025E-4FE4-B91D-1B3B26EEDD39}.Debug|x64.ActiveCfg = Debug|Any CPU
		{852396A8-025E-4FE4-B91D-1B3B26EEDD39}.Debug|x64.Build.0 = Debug|Any CPU
		{852396A8-025E-4FE4-B91D-1B3B26EEDD39}.Debug|x86.ActiveCfg = Debug|Any CPU
		{852396A8-025E-4FE4-B91D-1B3B26EEDD39}.Debug|x86.Build.0 = Debug|Any CPU
		{852396A8-025E-4FE4-B91D-1B3B26EEDD39}.Release|Any CPU.ActiveCfg = Release|Any CPU
		{852396A8-025E-4FE4-B91D-1B3B26EEDD39}.Release|Any CPU.Build.0 = Release|Any CPU
		{852396A8-025E-4FE4-B91D-1B3B26EEDD39}.Release|x64.ActiveCfg = Release|Any CPU
		{852396A8-025E-4FE4-B91D-1B3B26EEDD39}.Release|x64.Build.0 = Release|Any CPU
		{852396A8-025E-4FE4-B91D-1B3B26EEDD39}.Release|x86.ActiveCfg = Release|Any CPU
		{852396A8-025E-4FE4-B91D-1B3B26EEDD39}.Release|x86.Build.0 = Release|Any CPU
		{D10EF1E0-9798-444B-917F-1F031B47B1E4}.Debug|Any CPU.ActiveCfg = Debug|Any CPU
		{D10EF1E0-9798-444B-917F-1F031B47B1E4}.Debug|Any CPU.Build.0 = Debug|Any CPU
		{D10EF1E0-9798-444B-917F-1F031B47B1E4}.Debug|x64.ActiveCfg = Debug|Any CPU
		{D10EF1E0-9798-444B-917F-1F031B47B1E4}.Debug|x64.Build.0 = Debug|Any CPU
		{D10EF1E0-9798-444B-917F-1F031B47B1E4}.Debug|x86.ActiveCfg = Debug|Any CPU
		{D10EF1E0-9798-444B-917F-1F031B47B1E4}.Debug|x86.Build.0 = Debug|Any CPU
		{D10EF1E0-9798-444B-917F-1F031B47B1E4}.Release|Any CPU.ActiveCfg = Release|Any CPU
		{D10EF1E0-9798-444B-917F-1F031B47B1E4}.Release|Any CPU.Build.0 = Release|Any CPU
		{D10EF1E0-9798-444B-917F-1F031B47B1E4}.Release|x64.ActiveCfg = Release|Any CPU
		{D10EF1E0-9798-444B-917F-1F031B47B1E4}.Release|x64.Build.0 = Release|Any CPU
		{D10EF1E0-9798-444B-917F-1F031B47B1E4}.Release|x86.ActiveCfg = Release|Any CPU
		{D10EF1E0-9798-444B-917F-1F031B47B1E4}.Release|x86.Build.0 = Release|Any CPU
		{D0A7C43C-30A2-4E92-8707-3F9AFB74DA11}.Debug|Any CPU.ActiveCfg = Debug|Any CPU
		{D0A7C43C-30A2-4E92-8707-3F9AFB74DA11}.Debug|Any CPU.Build.0 = Debug|Any CPU
		{D0A7C43C-30A2-4E92-8707-3F9AFB74DA11}.Debug|x64.ActiveCfg = Debug|Any CPU
		{D0A7C43C-30A2-4E92-8707-3F9AFB74DA11}.Debug|x64.Build.0 = Debug|Any CPU
		{D0A7C43C-30A2-4E92-8707-3F9AFB74DA11}.Debug|x86.ActiveCfg = Debug|Any CPU
		{D0A7C43C-30A2-4E92-8707-3F9AFB74DA11}.Debug|x86.Build.0 = Debug|Any CPU
		{D0A7C43C-30A2-4E92-8707-3F9AFB74DA11}.Release|Any CPU.ActiveCfg = Release|Any CPU
		{D0A7C43C-30A2-4E92-8707-3F9AFB74DA11}.Release|Any CPU.Build.0 = Release|Any CPU
		{D0A7C43C-30A2-4E92-8707-3F9AFB74DA11}.Release|x64.ActiveCfg = Release|Any CPU
		{D0A7C43C-30A2-4E92-8707-3F9AFB74DA11}.Release|x64.Build.0 = Release|Any CPU
		{D0A7C43C-30A2-4E92-8707-3F9AFB74DA11}.Release|x86.ActiveCfg = Release|Any CPU
		{D0A7C43C-30A2-4E92-8707-3F9AFB74DA11}.Release|x86.Build.0 = Release|Any CPU
		{6B0B537A-0FEC-4729-ACA0-C53FE34CCB2A}.Debug|Any CPU.ActiveCfg = Debug|Any CPU
		{6B0B537A-0FEC-4729-ACA0-C53FE34CCB2A}.Debug|Any CPU.Build.0 = Debug|Any CPU
		{6B0B537A-0FEC-4729-ACA0-C53FE34CCB2A}.Debug|x64.ActiveCfg = Debug|Any CPU
		{6B0B537A-0FEC-4729-ACA0-C53FE34CCB2A}.Debug|x64.Build.0 = Debug|Any CPU
		{6B0B537A-0FEC-4729-ACA0-C53FE34CCB2A}.Debug|x86.ActiveCfg = Debug|Any CPU
		{6B0B537A-0FEC-4729-ACA0-C53FE34CCB2A}.Debug|x86.Build.0 = Debug|Any CPU
		{6B0B537A-0FEC-4729-ACA0-C53FE34CCB2A}.Release|Any CPU.ActiveCfg = Release|Any CPU
		{6B0B537A-0FEC-4729-ACA0-C53FE34CCB2A}.Release|Any CPU.Build.0 = Release|Any CPU
		{6B0B537A-0FEC-4729-ACA0-C53FE34CCB2A}.Release|x64.ActiveCfg = Release|Any CPU
		{6B0B537A-0FEC-4729-ACA0-C53FE34CCB2A}.Release|x64.Build.0 = Release|Any CPU
		{6B0B537A-0FEC-4729-ACA0-C53FE34CCB2A}.Release|x86.ActiveCfg = Release|Any CPU
		{6B0B537A-0FEC-4729-ACA0-C53FE34CCB2A}.Release|x86.Build.0 = Release|Any CPU
		{4262C037-39A9-4DCF-99EC-C2981D84693F}.Debug|Any CPU.ActiveCfg = Debug|Any CPU
		{4262C037-39A9-4DCF-99EC-C2981D84693F}.Debug|Any CPU.Build.0 = Debug|Any CPU
		{4262C037-39A9-4DCF-99EC-C2981D84693F}.Debug|x64.ActiveCfg = Debug|Any CPU
		{4262C037-39A9-4DCF-99EC-C2981D84693F}.Debug|x64.Build.0 = Debug|Any CPU
		{4262C037-39A9-4DCF-99EC-C2981D84693F}.Debug|x86.ActiveCfg = Debug|Any CPU
		{4262C037-39A9-4DCF-99EC-C2981D84693F}.Debug|x86.Build.0 = Debug|Any CPU
		{4262C037-39A9-4DCF-99EC-C2981D84693F}.Release|Any CPU.ActiveCfg = Release|Any CPU
		{4262C037-39A9-4DCF-99EC-C2981D84693F}.Release|Any CPU.Build.0 = Release|Any CPU
		{4262C037-39A9-4DCF-99EC-C2981D84693F}.Release|x64.ActiveCfg = Release|Any CPU
		{4262C037-39A9-4DCF-99EC-C2981D84693F}.Release|x64.Build.0 = Release|Any CPU
		{4262C037-39A9-4DCF-99EC-C2981D84693F}.Release|x86.ActiveCfg = Release|Any CPU
		{4262C037-39A9-4DCF-99EC-C2981D84693F}.Release|x86.Build.0 = Release|Any CPU
		{9E98B603-411E-414C-9A93-4373004BF26B}.Debug|Any CPU.ActiveCfg = Debug|Any CPU
		{9E98B603-411E-414C-9A93-4373004BF26B}.Debug|Any CPU.Build.0 = Debug|Any CPU
		{9E98B603-411E-414C-9A93-4373004BF26B}.Debug|x64.ActiveCfg = Debug|Any CPU
		{9E98B603-411E-414C-9A93-4373004BF26B}.Debug|x64.Build.0 = Debug|Any CPU
		{9E98B603-411E-414C-9A93-4373004BF26B}.Debug|x86.ActiveCfg = Debug|Any CPU
		{9E98B603-411E-414C-9A93-4373004BF26B}.Debug|x86.Build.0 = Debug|Any CPU
		{9E98B603-411E-414C-9A93-4373004BF26B}.Release|Any CPU.ActiveCfg = Release|Any CPU
		{9E98B603-411E-414C-9A93-4373004BF26B}.Release|Any CPU.Build.0 = Release|Any CPU
		{9E98B603-411E-414C-9A93-4373004BF26B}.Release|x64.ActiveCfg = Release|Any CPU
		{9E98B603-411E-414C-9A93-4373004BF26B}.Release|x64.Build.0 = Release|Any CPU
		{9E98B603-411E-414C-9A93-4373004BF26B}.Release|x86.ActiveCfg = Release|Any CPU
		{9E98B603-411E-414C-9A93-4373004BF26B}.Release|x86.Build.0 = Release|Any CPU
		{FD932CAD-D2E6-4F16-80BB-41EFB309E32D}.Debug|Any CPU.ActiveCfg = Debug|Any CPU
		{FD932CAD-D2E6-4F16-80BB-41EFB309E32D}.Debug|Any CPU.Build.0 = Debug|Any CPU
		{FD932CAD-D2E6-4F16-80BB-41EFB309E32D}.Debug|x64.ActiveCfg = Debug|Any CPU
		{FD932CAD-D2E6-4F16-80BB-41EFB309E32D}.Debug|x64.Build.0 = Debug|Any CPU
		{FD932CAD-D2E6-4F16-80BB-41EFB309E32D}.Debug|x86.ActiveCfg = Debug|Any CPU
		{FD932CAD-D2E6-4F16-80BB-41EFB309E32D}.Debug|x86.Build.0 = Debug|Any CPU
		{FD932CAD-D2E6-4F16-80BB-41EFB309E32D}.Release|Any CPU.ActiveCfg = Release|Any CPU
		{FD932CAD-D2E6-4F16-80BB-41EFB309E32D}.Release|Any CPU.Build.0 = Release|Any CPU
		{FD932CAD-D2E6-4F16-80BB-41EFB309E32D}.Release|x64.ActiveCfg = Release|Any CPU
		{FD932CAD-D2E6-4F16-80BB-41EFB309E32D}.Release|x64.Build.0 = Release|Any CPU
		{FD932CAD-D2E6-4F16-80BB-41EFB309E32D}.Release|x86.ActiveCfg = Release|Any CPU
		{FD932CAD-D2E6-4F16-80BB-41EFB309E32D}.Release|x86.Build.0 = Release|Any CPU
		{4AC3821A-395B-4132-971D-A20539437C7A}.Debug|Any CPU.ActiveCfg = Debug|Any CPU
		{4AC3821A-395B-4132-971D-A20539437C7A}.Debug|Any CPU.Build.0 = Debug|Any CPU
		{4AC3821A-395B-4132-971D-A20539437C7A}.Debug|x64.ActiveCfg = Debug|Any CPU
		{4AC3821A-395B-4132-971D-A20539437C7A}.Debug|x64.Build.0 = Debug|Any CPU
		{4AC3821A-395B-4132-971D-A20539437C7A}.Debug|x86.ActiveCfg = Debug|Any CPU
		{4AC3821A-395B-4132-971D-A20539437C7A}.Debug|x86.Build.0 = Debug|Any CPU
		{4AC3821A-395B-4132-971D-A20539437C7A}.Release|Any CPU.ActiveCfg = Release|Any CPU
		{4AC3821A-395B-4132-971D-A20539437C7A}.Release|Any CPU.Build.0 = Release|Any CPU
		{4AC3821A-395B-4132-971D-A20539437C7A}.Release|x64.ActiveCfg = Release|Any CPU
		{4AC3821A-395B-4132-971D-A20539437C7A}.Release|x64.Build.0 = Release|Any CPU
		{4AC3821A-395B-4132-971D-A20539437C7A}.Release|x86.ActiveCfg = Release|Any CPU
		{4AC3821A-395B-4132-971D-A20539437C7A}.Release|x86.Build.0 = Release|Any CPU
		{DDB963F6-8682-4AAB-B41F-6AF007B2617B}.Debug|Any CPU.ActiveCfg = Debug|Any CPU
		{DDB963F6-8682-4AAB-B41F-6AF007B2617B}.Debug|Any CPU.Build.0 = Debug|Any CPU
		{DDB963F6-8682-4AAB-B41F-6AF007B2617B}.Debug|x64.ActiveCfg = Debug|Any CPU
		{DDB963F6-8682-4AAB-B41F-6AF007B2617B}.Debug|x64.Build.0 = Debug|Any CPU
		{DDB963F6-8682-4AAB-B41F-6AF007B2617B}.Debug|x86.ActiveCfg = Debug|Any CPU
		{DDB963F6-8682-4AAB-B41F-6AF007B2617B}.Debug|x86.Build.0 = Debug|Any CPU
		{DDB963F6-8682-4AAB-B41F-6AF007B2617B}.Release|Any CPU.ActiveCfg = Release|Any CPU
		{DDB963F6-8682-4AAB-B41F-6AF007B2617B}.Release|Any CPU.Build.0 = Release|Any CPU
		{DDB963F6-8682-4AAB-B41F-6AF007B2617B}.Release|x64.ActiveCfg = Release|Any CPU
		{DDB963F6-8682-4AAB-B41F-6AF007B2617B}.Release|x64.Build.0 = Release|Any CPU
		{DDB963F6-8682-4AAB-B41F-6AF007B2617B}.Release|x86.ActiveCfg = Release|Any CPU
		{DDB963F6-8682-4AAB-B41F-6AF007B2617B}.Release|x86.Build.0 = Release|Any CPU
		{969CAC1D-3BC9-425B-8B3C-8054EF0A2121}.Debug|Any CPU.ActiveCfg = Debug|Any CPU
		{969CAC1D-3BC9-425B-8B3C-8054EF0A2121}.Debug|Any CPU.Build.0 = Debug|Any CPU
		{969CAC1D-3BC9-425B-8B3C-8054EF0A2121}.Debug|x64.ActiveCfg = Debug|Any CPU
		{969CAC1D-3BC9-425B-8B3C-8054EF0A2121}.Debug|x64.Build.0 = Debug|Any CPU
		{969CAC1D-3BC9-425B-8B3C-8054EF0A2121}.Debug|x86.ActiveCfg = Debug|Any CPU
		{969CAC1D-3BC9-425B-8B3C-8054EF0A2121}.Debug|x86.Build.0 = Debug|Any CPU
		{969CAC1D-3BC9-425B-8B3C-8054EF0A2121}.Release|Any CPU.ActiveCfg = Release|Any CPU
		{969CAC1D-3BC9-425B-8B3C-8054EF0A2121}.Release|Any CPU.Build.0 = Release|Any CPU
		{969CAC1D-3BC9-425B-8B3C-8054EF0A2121}.Release|x64.ActiveCfg = Release|Any CPU
		{969CAC1D-3BC9-425B-8B3C-8054EF0A2121}.Release|x64.Build.0 = Release|Any CPU
		{969CAC1D-3BC9-425B-8B3C-8054EF0A2121}.Release|x86.ActiveCfg = Release|Any CPU
		{969CAC1D-3BC9-425B-8B3C-8054EF0A2121}.Release|x86.Build.0 = Release|Any CPU
		{95C451ED-7398-40F5-9FDC-C727E1AA7D28}.Debug|Any CPU.ActiveCfg = Debug|Any CPU
		{95C451ED-7398-40F5-9FDC-C727E1AA7D28}.Debug|Any CPU.Build.0 = Debug|Any CPU
		{95C451ED-7398-40F5-9FDC-C727E1AA7D28}.Debug|x64.ActiveCfg = Debug|Any CPU
		{95C451ED-7398-40F5-9FDC-C727E1AA7D28}.Debug|x64.Build.0 = Debug|Any CPU
		{95C451ED-7398-40F5-9FDC-C727E1AA7D28}.Debug|x86.ActiveCfg = Debug|Any CPU
		{95C451ED-7398-40F5-9FDC-C727E1AA7D28}.Debug|x86.Build.0 = Debug|Any CPU
		{95C451ED-7398-40F5-9FDC-C727E1AA7D28}.Release|Any CPU.ActiveCfg = Release|Any CPU
		{95C451ED-7398-40F5-9FDC-C727E1AA7D28}.Release|Any CPU.Build.0 = Release|Any CPU
		{95C451ED-7398-40F5-9FDC-C727E1AA7D28}.Release|x64.ActiveCfg = Release|Any CPU
		{95C451ED-7398-40F5-9FDC-C727E1AA7D28}.Release|x64.Build.0 = Release|Any CPU
		{95C451ED-7398-40F5-9FDC-C727E1AA7D28}.Release|x86.ActiveCfg = Release|Any CPU
		{95C451ED-7398-40F5-9FDC-C727E1AA7D28}.Release|x86.Build.0 = Release|Any CPU
		{76629060-916B-4B19-AA7D-454409BE221D}.Debug|Any CPU.ActiveCfg = Debug|Any CPU
		{76629060-916B-4B19-AA7D-454409BE221D}.Debug|Any CPU.Build.0 = Debug|Any CPU
		{76629060-916B-4B19-AA7D-454409BE221D}.Debug|x64.ActiveCfg = Debug|Any CPU
		{76629060-916B-4B19-AA7D-454409BE221D}.Debug|x64.Build.0 = Debug|Any CPU
		{76629060-916B-4B19-AA7D-454409BE221D}.Debug|x86.ActiveCfg = Debug|Any CPU
		{76629060-916B-4B19-AA7D-454409BE221D}.Debug|x86.Build.0 = Debug|Any CPU
		{76629060-916B-4B19-AA7D-454409BE221D}.Release|Any CPU.ActiveCfg = Release|Any CPU
		{76629060-916B-4B19-AA7D-454409BE221D}.Release|Any CPU.Build.0 = Release|Any CPU
		{76629060-916B-4B19-AA7D-454409BE221D}.Release|x64.ActiveCfg = Release|Any CPU
		{76629060-916B-4B19-AA7D-454409BE221D}.Release|x64.Build.0 = Release|Any CPU
		{76629060-916B-4B19-AA7D-454409BE221D}.Release|x86.ActiveCfg = Release|Any CPU
		{76629060-916B-4B19-AA7D-454409BE221D}.Release|x86.Build.0 = Release|Any CPU
		{A7FB7ED3-3F0C-42CD-B6B7-3F68FD3B300B}.Debug|Any CPU.ActiveCfg = Debug|Any CPU
		{A7FB7ED3-3F0C-42CD-B6B7-3F68FD3B300B}.Debug|Any CPU.Build.0 = Debug|Any CPU
		{A7FB7ED3-3F0C-42CD-B6B7-3F68FD3B300B}.Debug|x64.ActiveCfg = Debug|Any CPU
		{A7FB7ED3-3F0C-42CD-B6B7-3F68FD3B300B}.Debug|x64.Build.0 = Debug|Any CPU
		{A7FB7ED3-3F0C-42CD-B6B7-3F68FD3B300B}.Debug|x86.ActiveCfg = Debug|Any CPU
		{A7FB7ED3-3F0C-42CD-B6B7-3F68FD3B300B}.Debug|x86.Build.0 = Debug|Any CPU
		{A7FB7ED3-3F0C-42CD-B6B7-3F68FD3B300B}.Release|Any CPU.ActiveCfg = Release|Any CPU
		{A7FB7ED3-3F0C-42CD-B6B7-3F68FD3B300B}.Release|Any CPU.Build.0 = Release|Any CPU
		{A7FB7ED3-3F0C-42CD-B6B7-3F68FD3B300B}.Release|x64.ActiveCfg = Release|Any CPU
		{A7FB7ED3-3F0C-42CD-B6B7-3F68FD3B300B}.Release|x64.Build.0 = Release|Any CPU
		{A7FB7ED3-3F0C-42CD-B6B7-3F68FD3B300B}.Release|x86.ActiveCfg = Release|Any CPU
		{A7FB7ED3-3F0C-42CD-B6B7-3F68FD3B300B}.Release|x86.Build.0 = Release|Any CPU
		{1807046F-783E-44E4-A564-A808D496CD14}.Debug|Any CPU.ActiveCfg = Debug|Any CPU
		{1807046F-783E-44E4-A564-A808D496CD14}.Debug|Any CPU.Build.0 = Debug|Any CPU
		{1807046F-783E-44E4-A564-A808D496CD14}.Debug|x64.ActiveCfg = Debug|Any CPU
		{1807046F-783E-44E4-A564-A808D496CD14}.Debug|x64.Build.0 = Debug|Any CPU
		{1807046F-783E-44E4-A564-A808D496CD14}.Debug|x86.ActiveCfg = Debug|Any CPU
		{1807046F-783E-44E4-A564-A808D496CD14}.Debug|x86.Build.0 = Debug|Any CPU
		{1807046F-783E-44E4-A564-A808D496CD14}.Release|Any CPU.ActiveCfg = Release|Any CPU
		{1807046F-783E-44E4-A564-A808D496CD14}.Release|Any CPU.Build.0 = Release|Any CPU
		{1807046F-783E-44E4-A564-A808D496CD14}.Release|x64.ActiveCfg = Release|Any CPU
		{1807046F-783E-44E4-A564-A808D496CD14}.Release|x64.Build.0 = Release|Any CPU
		{1807046F-783E-44E4-A564-A808D496CD14}.Release|x86.ActiveCfg = Release|Any CPU
		{1807046F-783E-44E4-A564-A808D496CD14}.Release|x86.Build.0 = Release|Any CPU
		{84B06643-3FE8-41D5-8C32-9F25EFAE3911}.Debug|Any CPU.ActiveCfg = Debug|Any CPU
		{84B06643-3FE8-41D5-8C32-9F25EFAE3911}.Debug|Any CPU.Build.0 = Debug|Any CPU
		{84B06643-3FE8-41D5-8C32-9F25EFAE3911}.Debug|x64.ActiveCfg = Debug|Any CPU
		{84B06643-3FE8-41D5-8C32-9F25EFAE3911}.Debug|x64.Build.0 = Debug|Any CPU
		{84B06643-3FE8-41D5-8C32-9F25EFAE3911}.Debug|x86.ActiveCfg = Debug|Any CPU
		{84B06643-3FE8-41D5-8C32-9F25EFAE3911}.Debug|x86.Build.0 = Debug|Any CPU
		{84B06643-3FE8-41D5-8C32-9F25EFAE3911}.Release|Any CPU.ActiveCfg = Release|Any CPU
		{84B06643-3FE8-41D5-8C32-9F25EFAE3911}.Release|Any CPU.Build.0 = Release|Any CPU
		{84B06643-3FE8-41D5-8C32-9F25EFAE3911}.Release|x64.ActiveCfg = Release|Any CPU
		{84B06643-3FE8-41D5-8C32-9F25EFAE3911}.Release|x64.Build.0 = Release|Any CPU
		{84B06643-3FE8-41D5-8C32-9F25EFAE3911}.Release|x86.ActiveCfg = Release|Any CPU
		{84B06643-3FE8-41D5-8C32-9F25EFAE3911}.Release|x86.Build.0 = Release|Any CPU
		{D20B97F9-A167-4F99-945C-78D226EAAC21}.Debug|Any CPU.ActiveCfg = Debug|Any CPU
		{D20B97F9-A167-4F99-945C-78D226EAAC21}.Debug|Any CPU.Build.0 = Debug|Any CPU
		{D20B97F9-A167-4F99-945C-78D226EAAC21}.Debug|x64.ActiveCfg = Debug|Any CPU
		{D20B97F9-A167-4F99-945C-78D226EAAC21}.Debug|x64.Build.0 = Debug|Any CPU
		{D20B97F9-A167-4F99-945C-78D226EAAC21}.Debug|x86.ActiveCfg = Debug|Any CPU
		{D20B97F9-A167-4F99-945C-78D226EAAC21}.Debug|x86.Build.0 = Debug|Any CPU
		{D20B97F9-A167-4F99-945C-78D226EAAC21}.Release|Any CPU.ActiveCfg = Release|Any CPU
		{D20B97F9-A167-4F99-945C-78D226EAAC21}.Release|Any CPU.Build.0 = Release|Any CPU
		{D20B97F9-A167-4F99-945C-78D226EAAC21}.Release|x64.ActiveCfg = Release|Any CPU
		{D20B97F9-A167-4F99-945C-78D226EAAC21}.Release|x64.Build.0 = Release|Any CPU
		{D20B97F9-A167-4F99-945C-78D226EAAC21}.Release|x86.ActiveCfg = Release|Any CPU
		{D20B97F9-A167-4F99-945C-78D226EAAC21}.Release|x86.Build.0 = Release|Any CPU
		{AA8FFC8F-55F3-4A80-873A-AC3B323D3F14}.Debug|Any CPU.ActiveCfg = Debug|Any CPU
		{AA8FFC8F-55F3-4A80-873A-AC3B323D3F14}.Debug|Any CPU.Build.0 = Debug|Any CPU
		{AA8FFC8F-55F3-4A80-873A-AC3B323D3F14}.Debug|x64.ActiveCfg = Debug|Any CPU
		{AA8FFC8F-55F3-4A80-873A-AC3B323D3F14}.Debug|x64.Build.0 = Debug|Any CPU
		{AA8FFC8F-55F3-4A80-873A-AC3B323D3F14}.Debug|x86.ActiveCfg = Debug|Any CPU
		{AA8FFC8F-55F3-4A80-873A-AC3B323D3F14}.Debug|x86.Build.0 = Debug|Any CPU
		{AA8FFC8F-55F3-4A80-873A-AC3B323D3F14}.Release|Any CPU.ActiveCfg = Release|Any CPU
		{AA8FFC8F-55F3-4A80-873A-AC3B323D3F14}.Release|Any CPU.Build.0 = Release|Any CPU
		{AA8FFC8F-55F3-4A80-873A-AC3B323D3F14}.Release|x64.ActiveCfg = Release|Any CPU
		{AA8FFC8F-55F3-4A80-873A-AC3B323D3F14}.Release|x64.Build.0 = Release|Any CPU
		{AA8FFC8F-55F3-4A80-873A-AC3B323D3F14}.Release|x86.ActiveCfg = Release|Any CPU
		{AA8FFC8F-55F3-4A80-873A-AC3B323D3F14}.Release|x86.Build.0 = Release|Any CPU
		{BC7B89D4-04F9-412E-A054-C208D94B6CDB}.Debug|Any CPU.ActiveCfg = Debug|Any CPU
		{BC7B89D4-04F9-412E-A054-C208D94B6CDB}.Debug|Any CPU.Build.0 = Debug|Any CPU
		{BC7B89D4-04F9-412E-A054-C208D94B6CDB}.Debug|x64.ActiveCfg = Debug|Any CPU
		{BC7B89D4-04F9-412E-A054-C208D94B6CDB}.Debug|x64.Build.0 = Debug|Any CPU
		{BC7B89D4-04F9-412E-A054-C208D94B6CDB}.Debug|x86.ActiveCfg = Debug|Any CPU
		{BC7B89D4-04F9-412E-A054-C208D94B6CDB}.Debug|x86.Build.0 = Debug|Any CPU
		{BC7B89D4-04F9-412E-A054-C208D94B6CDB}.Release|Any CPU.ActiveCfg = Release|Any CPU
		{BC7B89D4-04F9-412E-A054-C208D94B6CDB}.Release|Any CPU.Build.0 = Release|Any CPU
		{BC7B89D4-04F9-412E-A054-C208D94B6CDB}.Release|x64.ActiveCfg = Release|Any CPU
		{BC7B89D4-04F9-412E-A054-C208D94B6CDB}.Release|x64.Build.0 = Release|Any CPU
		{BC7B89D4-04F9-412E-A054-C208D94B6CDB}.Release|x86.ActiveCfg = Release|Any CPU
		{BC7B89D4-04F9-412E-A054-C208D94B6CDB}.Release|x86.Build.0 = Release|Any CPU
		{83E2115F-E70B-4383-A2C6-44D145C3EEE8}.Debug|Any CPU.ActiveCfg = Debug|Any CPU
		{83E2115F-E70B-4383-A2C6-44D145C3EEE8}.Debug|Any CPU.Build.0 = Debug|Any CPU
		{83E2115F-E70B-4383-A2C6-44D145C3EEE8}.Debug|x64.ActiveCfg = Debug|Any CPU
		{83E2115F-E70B-4383-A2C6-44D145C3EEE8}.Debug|x64.Build.0 = Debug|Any CPU
		{83E2115F-E70B-4383-A2C6-44D145C3EEE8}.Debug|x86.ActiveCfg = Debug|Any CPU
		{83E2115F-E70B-4383-A2C6-44D145C3EEE8}.Debug|x86.Build.0 = Debug|Any CPU
		{83E2115F-E70B-4383-A2C6-44D145C3EEE8}.Release|Any CPU.ActiveCfg = Release|Any CPU
		{83E2115F-E70B-4383-A2C6-44D145C3EEE8}.Release|Any CPU.Build.0 = Release|Any CPU
		{83E2115F-E70B-4383-A2C6-44D145C3EEE8}.Release|x64.ActiveCfg = Release|Any CPU
		{83E2115F-E70B-4383-A2C6-44D145C3EEE8}.Release|x64.Build.0 = Release|Any CPU
		{83E2115F-E70B-4383-A2C6-44D145C3EEE8}.Release|x86.ActiveCfg = Release|Any CPU
		{83E2115F-E70B-4383-A2C6-44D145C3EEE8}.Release|x86.Build.0 = Release|Any CPU
		{BCCD5385-B347-48C7-BE93-77926A88F96A}.Debug|Any CPU.ActiveCfg = Debug|Any CPU
		{BCCD5385-B347-48C7-BE93-77926A88F96A}.Debug|Any CPU.Build.0 = Debug|Any CPU
		{BCCD5385-B347-48C7-BE93-77926A88F96A}.Debug|x64.ActiveCfg = Debug|Any CPU
		{BCCD5385-B347-48C7-BE93-77926A88F96A}.Debug|x64.Build.0 = Debug|Any CPU
		{BCCD5385-B347-48C7-BE93-77926A88F96A}.Debug|x86.ActiveCfg = Debug|Any CPU
		{BCCD5385-B347-48C7-BE93-77926A88F96A}.Debug|x86.Build.0 = Debug|Any CPU
		{BCCD5385-B347-48C7-BE93-77926A88F96A}.Release|Any CPU.ActiveCfg = Release|Any CPU
		{BCCD5385-B347-48C7-BE93-77926A88F96A}.Release|Any CPU.Build.0 = Release|Any CPU
		{BCCD5385-B347-48C7-BE93-77926A88F96A}.Release|x64.ActiveCfg = Release|Any CPU
		{BCCD5385-B347-48C7-BE93-77926A88F96A}.Release|x64.Build.0 = Release|Any CPU
		{BCCD5385-B347-48C7-BE93-77926A88F96A}.Release|x86.ActiveCfg = Release|Any CPU
		{BCCD5385-B347-48C7-BE93-77926A88F96A}.Release|x86.Build.0 = Release|Any CPU
		{0D067B2A-5606-4F54-9DB2-B06CFA792519}.Debug|Any CPU.ActiveCfg = Debug|Any CPU
		{0D067B2A-5606-4F54-9DB2-B06CFA792519}.Debug|Any CPU.Build.0 = Debug|Any CPU
		{0D067B2A-5606-4F54-9DB2-B06CFA792519}.Debug|x64.ActiveCfg = Debug|Any CPU
		{0D067B2A-5606-4F54-9DB2-B06CFA792519}.Debug|x64.Build.0 = Debug|Any CPU
		{0D067B2A-5606-4F54-9DB2-B06CFA792519}.Debug|x86.ActiveCfg = Debug|Any CPU
		{0D067B2A-5606-4F54-9DB2-B06CFA792519}.Debug|x86.Build.0 = Debug|Any CPU
		{0D067B2A-5606-4F54-9DB2-B06CFA792519}.Release|Any CPU.ActiveCfg = Release|Any CPU
		{0D067B2A-5606-4F54-9DB2-B06CFA792519}.Release|Any CPU.Build.0 = Release|Any CPU
		{0D067B2A-5606-4F54-9DB2-B06CFA792519}.Release|x64.ActiveCfg = Release|Any CPU
		{0D067B2A-5606-4F54-9DB2-B06CFA792519}.Release|x64.Build.0 = Release|Any CPU
		{0D067B2A-5606-4F54-9DB2-B06CFA792519}.Release|x86.ActiveCfg = Release|Any CPU
		{0D067B2A-5606-4F54-9DB2-B06CFA792519}.Release|x86.Build.0 = Release|Any CPU
	EndGlobalSection
	GlobalSection(SolutionProperties) = preSolution
		HideSolutionNode = FALSE
	EndGlobalSection
	GlobalSection(NestedProjects) = preSolution
		{95AF1480-9F84-72C8-4930-CB7FF39A86E3} = {1AE8ACA6-933B-BF2A-3671-3E2EAC007D16}
		{DDD739D6-6D40-4ABB-9F6C-C2EE6C02E47A} = {1AE8ACA6-933B-BF2A-3671-3E2EAC007D16}
		{FAA9246B-E3F2-4A1B-98F2-97AB2679FD6F} = {DDD739D6-6D40-4ABB-9F6C-C2EE6C02E47A}
		{B3DAFF6D-D4FE-4FE7-8558-C9F44DBEBAF1} = {DDD739D6-6D40-4ABB-9F6C-C2EE6C02E47A}
		{B23E875B-E403-4961-8AF8-D9A2198B0753} = {DDD739D6-6D40-4ABB-9F6C-C2EE6C02E47A}
		{99EFF6C9-F00A-449E-86AB-E0ADFEC68878} = {DDD739D6-6D40-4ABB-9F6C-C2EE6C02E47A}
		{852396A8-025E-4FE4-B91D-1B3B26EEDD39} = {DDD739D6-6D40-4ABB-9F6C-C2EE6C02E47A}
		{D10EF1E0-9798-444B-917F-1F031B47B1E4} = {DDD739D6-6D40-4ABB-9F6C-C2EE6C02E47A}
		{D0A7C43C-30A2-4E92-8707-3F9AFB74DA11} = {DDD739D6-6D40-4ABB-9F6C-C2EE6C02E47A}
		{F57642F3-C37C-D174-720E-6A6AAD5BEE22} = {1AE8ACA6-933B-BF2A-3671-3E2EAC007D16}
		{6B0B537A-0FEC-4729-ACA0-C53FE34CCB2A} = {F57642F3-C37C-D174-720E-6A6AAD5BEE22}
		{FA312981-20B0-07CD-A9A3-78514F8C9F61} = {95AF1480-9F84-72C8-4930-CB7FF39A86E3}
		{4262C037-39A9-4DCF-99EC-C2981D84693F} = {FA312981-20B0-07CD-A9A3-78514F8C9F61}
		{9E98B603-411E-414C-9A93-4373004BF26B} = {FA312981-20B0-07CD-A9A3-78514F8C9F61}
		{FD932CAD-D2E6-4F16-80BB-41EFB309E32D} = {FA312981-20B0-07CD-A9A3-78514F8C9F61}
		{4AC3821A-395B-4132-971D-A20539437C7A} = {FA312981-20B0-07CD-A9A3-78514F8C9F61}
		{6099FA26-B33E-E6A6-4EC1-6AFF10AB14D5} = {95AF1480-9F84-72C8-4930-CB7FF39A86E3}
		{DDB963F6-8682-4AAB-B41F-6AF007B2617B} = {6099FA26-B33E-E6A6-4EC1-6AFF10AB14D5}
		{969CAC1D-3BC9-425B-8B3C-8054EF0A2121} = {6099FA26-B33E-E6A6-4EC1-6AFF10AB14D5}
		{95C451ED-7398-40F5-9FDC-C727E1AA7D28} = {6099FA26-B33E-E6A6-4EC1-6AFF10AB14D5}
		{76629060-916B-4B19-AA7D-454409BE221D} = {6099FA26-B33E-E6A6-4EC1-6AFF10AB14D5}
		{6D913CED-EE32-217C-97B2-26932A8005AA} = {95AF1480-9F84-72C8-4930-CB7FF39A86E3}
		{A7FB7ED3-3F0C-42CD-B6B7-3F68FD3B300B} = {6D913CED-EE32-217C-97B2-26932A8005AA}
		{1807046F-783E-44E4-A564-A808D496CD14} = {6D913CED-EE32-217C-97B2-26932A8005AA}
		{84B06643-3FE8-41D5-8C32-9F25EFAE3911} = {6D913CED-EE32-217C-97B2-26932A8005AA}
		{D20B97F9-A167-4F99-945C-78D226EAAC21} = {6D913CED-EE32-217C-97B2-26932A8005AA}
		{AA8FFC8F-55F3-4A80-873A-AC3B323D3F14} = {0AB3BF05-4346-4AA6-1389-037BE0695223}
		{5B05D1AE-F58B-888C-9C85-773872D140FA} = {95AF1480-9F84-72C8-4930-CB7FF39A86E3}
		{BC7B89D4-04F9-412E-A054-C208D94B6CDB} = {5B05D1AE-F58B-888C-9C85-773872D140FA}
		{83E2115F-E70B-4383-A2C6-44D145C3EEE8} = {5B05D1AE-F58B-888C-9C85-773872D140FA}
		{BCCD5385-B347-48C7-BE93-77926A88F96A} = {5B05D1AE-F58B-888C-9C85-773872D140FA}
		{0D067B2A-5606-4F54-9DB2-B06CFA792519} = {5B05D1AE-F58B-888C-9C85-773872D140FA}
	EndGlobalSection
	GlobalSection(ExtensibilityGlobals) = postSolution
		SolutionGuid = {49230203-0B2A-4146-8A2B-B791F1195E9F}
	EndGlobalSection
EndGlobal
