
Microsoft Visual Studio Solution File, Format Version 12.00
# Visual Studio Version 17
VisualStudioVersion = 17.5.2.0
MinimumVisualStudioVersion = 10.0.40219.1
Project("{2150E333-8FDC-42A3-9474-1A3956D46DE8}") = "backend", "backend", "{1AE8ACA6-933B-BF2A-3671-3E2EAC007D16}"
EndProject
Project("{2150E333-8FDC-42A3-9474-1A3956D46DE8}") = "modules", "modules", "{95AF1480-9F84-72C8-4930-CB7FF39A86E3}"
EndProject
Project("{FAE04EC0-301F-11D3-BF4B-00C04F79EFBC}") = "Sales", "backend\modules\Sales\Sales.csproj", "{F766CF98-FC32-5A57-6C06-01EC5CCF8DDB}"
EndProject
Project("{FAE04EC0-301F-11D3-BF4B-00C04F79EFBC}") = "Notification", "backend\modules\Notification\Notification.csproj", "{153E2282-AE5E-4A94-8D0E-D26AB6570823}"
EndProject
Project("{2150E333-8FDC-42A3-9474-1A3956D46DE8}") = "building-blocks", "building-blocks", "{DDD739D6-6D40-4ABB-9F6C-C2EE6C02E47A}"
EndProject
Project("{FAE04EC0-301F-11D3-BF4B-00C04F79EFBC}") = "Erp.BuildingBlocks.Domain", "backend\building-blocks\Erp.BuildingBlocks.Domain\Erp.BuildingBlocks.Domain.csproj", "{FAA9246B-E3F2-4A1B-98F2-97AB2679FD6F}"
EndProject
Project("{FAE04EC0-301F-11D3-BF4B-00C04F79EFBC}") = "Erp.BuildingBlocks.Contracts", "backend\building-blocks\Erp.BuildingBlocks.Contracts\Erp.BuildingBlocks.Contracts.csproj", "{B3DAFF6D-D4FE-4FE7-8558-C9F44DBEBAF1}"
EndProject
Project("{FAE04EC0-301F-11D3-BF4B-00C04F79EFBC}") = "Erp.BuildingBlocks.Application", "backend\building-blocks\Erp.BuildingBlocks.Application\Erp.BuildingBlocks.Application.csproj", "{B23E875B-E403-4961-8AF8-D9A2198B0753}"
EndProject
Project("{FAE04EC0-301F-11D3-BF4B-00C04F79EFBC}") = "Erp.BuildingBlocks.Persistence", "backend\building-blocks\Erp.BuildingBlocks.Persistence\Erp.BuildingBlocks.Persistence.csproj", "{99EFF6C9-F00A-449E-86AB-E0ADFEC68878}"
EndProject
Project("{FAE04EC0-301F-11D3-BF4B-00C04F79EFBC}") = "Erp.BuildingBlocks.Messaging", "backend\building-blocks\Erp.BuildingBlocks.Messaging\Erp.BuildingBlocks.Messaging.csproj", "{852396A8-025E-4FE4-B91D-1B3B26EEDD39}"
EndProject
Project("{FAE04EC0-301F-11D3-BF4B-00C04F79EFBC}") = "Erp.BuildingBlocks.Jobs", "backend\building-blocks\Erp.BuildingBlocks.Jobs\Erp.BuildingBlocks.Jobs.csproj", "{D10EF1E0-9798-444B-917F-1F031B47B1E4}"
EndProject
Project("{FAE04EC0-301F-11D3-BF4B-00C04F79EFBC}") = "Erp.BuildingBlocks.Api", "backend\building-blocks\Erp.BuildingBlocks.Api\Erp.BuildingBlocks.Api.csproj", "{D0A7C43C-30A2-4E92-8707-3F9AFB74DA11}"
EndProject
Project("{2150E333-8FDC-42A3-9474-1A3956D46DE8}") = "tests", "tests", "{F57642F3-C37C-D174-720E-6A6AAD5BEE22}"
EndProject
Project("{FAE04EC0-301F-11D3-BF4B-00C04F79EFBC}") = "Erp.ArchitectureTests", "backend\tests\Erp.ArchitectureTests\Erp.ArchitectureTests.csproj", "{6B0B537A-0FEC-4729-ACA0-C53FE34CCB2A}"
EndProject
Project("{2150E333-8FDC-42A3-9474-1A3956D46DE8}") = "Catalog", "Catalog", "{FA312981-20B0-07CD-A9A3-78514F8C9F61}"
EndProject
Project("{FAE04EC0-301F-11D3-BF4B-00C04F79EFBC}") = "Catalog.Api", "backend\modules\Catalog\Catalog.Api\Catalog.Api.csproj", "{4262C037-39A9-4DCF-99EC-C2981D84693F}"
EndProject
Project("{FAE04EC0-301F-11D3-BF4B-00C04F79EFBC}") = "Catalog.Domain", "backend\modules\Catalog\Catalog.Domain\Catalog.Domain.csproj", "{9E98B603-411E-414C-9A93-4373004BF26B}"
EndProject
Project("{FAE04EC0-301F-11D3-BF4B-00C04F79EFBC}") = "Catalog.Application", "backend\modules\Catalog\Catalog.Application\Catalog.Application.csproj", "{FD932CAD-D2E6-4F16-80BB-41EFB309E32D}"
EndProject
Project("{FAE04EC0-301F-11D3-BF4B-00C04F79EFBC}") = "Catalog.Infrastructure", "backend\modules\Catalog\Catalog.Infrastructure\Catalog.Infrastructure.csproj", "{4AC3821A-395B-4132-971D-A20539437C7A}"
EndProject
Global
	GlobalSection(SolutionConfigurationPlatforms) = preSolution
		Debug|Any CPU = Debug|Any CPU
		Debug|x64 = Debug|x64
		Debug|x86 = Debug|x86
		Release|Any CPU = Release|Any CPU
		Release|x64 = Release|x64
		Release|x86 = Release|x86
	EndGlobalSection
	GlobalSection(ProjectConfigurationPlatforms) = postSolution
		{F766CF98-FC32-5A57-6C06-01EC5CCF8DDB}.Debug|Any CPU.ActiveCfg = Debug|Any CPU
		{F766CF98-FC32-5A57-6C06-01EC5CCF8DDB}.Debug|Any CPU.Build.0 = Debug|Any CPU
		{F766CF98-FC32-5A57-6C06-01EC5CCF8DDB}.Debug|x64.ActiveCfg = Debug|Any CPU
		{F766CF98-FC32-5A57-6C06-01EC5CCF8DDB}.Debug|x64.Build.0 = Debug|Any CPU
		{F766CF98-FC32-5A57-6C06-01EC5CCF8DDB}.Debug|x86.ActiveCfg = Debug|Any CPU
		{F766CF98-FC32-5A57-6C06-01EC5CCF8DDB}.Debug|x86.Build.0 = Debug|Any CPU
		{F766CF98-FC32-5A57-6C06-01EC5CCF8DDB}.Release|Any CPU.ActiveCfg = Release|Any CPU
		{F766CF98-FC32-5A57-6C06-01EC5CCF8DDB}.Release|Any CPU.Build.0 = Release|Any CPU
		{F766CF98-FC32-5A57-6C06-01EC5CCF8DDB}.Release|x64.ActiveCfg = Release|Any CPU
		{F766CF98-FC32-5A57-6C06-01EC5CCF8DDB}.Release|x64.Build.0 = Release|Any CPU
		{F766CF98-FC32-5A57-6C06-01EC5CCF8DDB}.Release|x86.ActiveCfg = Release|Any CPU
		{F766CF98-FC32-5A57-6C06-01EC5CCF8DDB}.Release|x86.Build.0 = Release|Any CPU
		{153E2282-AE5E-4A94-8D0E-D26AB6570823}.Debug|Any CPU.ActiveCfg = Debug|Any CPU
		{153E2282-AE5E-4A94-8D0E-D26AB6570823}.Debug|Any CPU.Build.0 = Debug|Any CPU
		{153E2282-AE5E-4A94-8D0E-D26AB6570823}.Debug|x64.ActiveCfg = Debug|Any CPU
		{153E2282-AE5E-4A94-8D0E-D26AB6570823}.Debug|x64.Build.0 = Debug|Any CPU
		{153E2282-AE5E-4A94-8D0E-D26AB6570823}.Debug|x86.ActiveCfg = Debug|Any CPU
		{153E2282-AE5E-4A94-8D0E-D26AB6570823}.Debug|x86.Build.0 = Debug|Any CPU
		{153E2282-AE5E-4A94-8D0E-D26AB6570823}.Release|Any CPU.ActiveCfg = Release|Any CPU
		{153E2282-AE5E-4A94-8D0E-D26AB6570823}.Release|Any CPU.Build.0 = Release|Any CPU
		{153E2282-AE5E-4A94-8D0E-D26AB6570823}.Release|x64.ActiveCfg = Release|Any CPU
		{153E2282-AE5E-4A94-8D0E-D26AB6570823}.Release|x64.Build.0 = Release|Any CPU
		{153E2282-AE5E-4A94-8D0E-D26AB6570823}.Release|x86.ActiveCfg = Release|Any CPU
		{153E2282-AE5E-4A94-8D0E-D26AB6570823}.Release|x86.Build.0 = Release|Any CPU
		{FAA9246B-E3F2-4A1B-98F2-97AB2679FD6F}.Debug|Any CPU.ActiveCfg = Debug|Any CPU
		{FAA9246B-E3F2-4A1B-98F2-97AB2679FD6F}.Debug|Any CPU.Build.0 = Debug|Any CPU
		{FAA9246B-E3F2-4A1B-98F2-97AB2679FD6F}.Debug|x64.ActiveCfg = Debug|Any CPU
		{FAA9246B-E3F2-4A1B-98F2-97AB2679FD6F}.Debug|x64.Build.0 = Debug|Any CPU
		{FAA9246B-E3F2-4A1B-98F2-97AB2679FD6F}.Debug|x86.ActiveCfg = Debug|Any CPU
		{FAA9246B-E3F2-4A1B-98F2-97AB2679FD6F}.Debug|x86.Build.0 = Debug|Any CPU
		{FAA9246B-E3F2-4A1B-98F2-97AB2679FD6F}.Release|Any CPU.ActiveCfg = Release|Any CPU
		{FAA9246B-E3F2-4A1B-98F2-97AB2679FD6F}.Release|Any CPU.Build.0 = Release|Any CPU
		{FAA9246B-E3F2-4A1B-98F2-97AB2679FD6F}.Release|x64.ActiveCfg = Release|Any CPU
		{FAA9246B-E3F2-4A1B-98F2-97AB2679FD6F}.Release|x64.Build.0 = Release|Any CPU
		{FAA9246B-E3F2-4A1B-98F2-97AB2679FD6F}.Release|x86.ActiveCfg = Release|Any CPU
		{FAA9246B-E3F2-4A1B-98F2-97AB2679FD6F}.Release|x86.Build.0 = Release|Any CPU
		{B3DAFF6D-D4FE-4FE7-8558-C9F44DBEBAF1}.Debug|Any CPU.ActiveCfg = Debug|Any CPU
		{B3DAFF6D-D4FE-4FE7-8558-C9F44DBEBAF1}.Debug|Any CPU.Build.0 = Debug|Any CPU
		{B3DAFF6D-D4FE-4FE7-8558-C9F44DBEBAF1}.Debug|x64.ActiveCfg = Debug|Any CPU
		{B3DAFF6D-D4FE-4FE7-8558-C9F44DBEBAF1}.Debug|x64.Build.0 = Debug|Any CPU
		{B3DAFF6D-D4FE-4FE7-8558-C9F44DBEBAF1}.Debug|x86.ActiveCfg = Debug|Any CPU
		{B3DAFF6D-D4FE-4FE7-8558-C9F44DBEBAF1}.Debug|x86.Build.0 = Debug|Any CPU
		{B3DAFF6D-D4FE-4FE7-8558-C9F44DBEBAF1}.Release|Any CPU.ActiveCfg = Release|Any CPU
		{B3DAFF6D-D4FE-4FE7-8558-C9F44DBEBAF1}.Release|Any CPU.Build.0 = Release|Any CPU
		{B3DAFF6D-D4FE-4FE7-8558-C9F44DBEBAF1}.Release|x64.ActiveCfg = Release|Any CPU
		{B3DAFF6D-D4FE-4FE7-8558-C9F44DBEBAF1}.Release|x64.Build.0 = Release|Any CPU
		{B3DAFF6D-D4FE-4FE7-8558-C9F44DBEBAF1}.Release|x86.ActiveCfg = Release|Any CPU
		{B3DAFF6D-D4FE-4FE7-8558-C9F44DBEBAF1}.Release|x86.Build.0 = Release|Any CPU
		{B23E875B-E403-4961-8AF8-D9A2198B0753}.Debug|Any CPU.ActiveCfg = Debug|Any CPU
		{B23E875B-E403-4961-8AF8-D9A2198B0753}.Debug|Any CPU.Build.0 = Debug|Any CPU
		{B23E875B-E403-4961-8AF8-D9A2198B0753}.Debug|x64.ActiveCfg = Debug|Any CPU
		{B23E875B-E403-4961-8AF8-D9A2198B0753}.Debug|x64.Build.0 = Debug|Any CPU
		{B23E875B-E403-4961-8AF8-D9A2198B0753}.Debug|x86.ActiveCfg = Debug|Any CPU
		{B23E875B-E403-4961-8AF8-D9A2198B0753}.Debug|x86.Build.0 = Debug|Any CPU
		{B23E875B-E403-4961-8AF8-D9A2198B0753}.Release|Any CPU.ActiveCfg = Release|Any CPU
		{B23E875B-E403-4961-8AF8-D9A2198B0753}.Release|Any CPU.Build.0 = Release|Any CPU
		{B23E875B-E403-4961-8AF8-D9A2198B0753}.Release|x64.ActiveCfg = Release|Any CPU
		{B23E875B-E403-4961-8AF8-D9A2198B0753}.Release|x64.Build.0 = Release|Any CPU
		{B23E875B-E403-4961-8AF8-D9A2198B0753}.Release|x86.ActiveCfg = Release|Any CPU
		{B23E875B-E403-4961-8AF8-D9A2198B0753}.Release|x86.Build.0 = Release|Any CPU
		{99EFF6C9-F00A-449E-86AB-E0ADFEC68878}.Debug|Any CPU.ActiveCfg = Debug|Any CPU
		{99EFF6C9-F00A-449E-86AB-E0ADFEC68878}.Debug|Any CPU.Build.0 = Debug|Any CPU
		{99EFF6C9-F00A-449E-86AB-E0ADFEC68878}.Debug|x64.ActiveCfg = Debug|Any CPU
		{99EFF6C9-F00A-449E-86AB-E0ADFEC68878}.Debug|x64.Build.0 = Debug|Any CPU
		{99EFF6C9-F00A-449E-86AB-E0ADFEC68878}.Debug|x86.ActiveCfg = Debug|Any CPU
		{99EFF6C9-F00A-449E-86AB-E0ADFEC68878}.Debug|x86.Build.0 = Debug|Any CPU
		{99EFF6C9-F00A-449E-86AB-E0ADFEC68878}.Release|Any CPU.ActiveCfg = Release|Any CPU
		{99EFF6C9-F00A-449E-86AB-E0ADFEC68878}.Release|Any CPU.Build.0 = Release|Any CPU
		{99EFF6C9-F00A-449E-86AB-E0ADFEC68878}.Release|x64.ActiveCfg = Release|Any CPU
		{99EFF6C9-F00A-449E-86AB-E0ADFEC68878}.Release|x64.Build.0 = Release|Any CPU
		{99EFF6C9-F00A-449E-86AB-E0ADFEC68878}.Release|x86.ActiveCfg = Release|Any CPU
		{99EFF6C9-F00A-449E-86AB-E0ADFEC68878}.Release|x86.Build.0 = Release|Any CPU
		{852396A8-025E-4FE4-B91D-1B3B26EEDD39}.Debug|Any CPU.ActiveCfg = Debug|Any CPU
		{852396A8-025E-4FE4-B91D-1B3B26EEDD39}.Debug|Any CPU.Build.0 = Debug|Any CPU
		{852396A8-025E-4FE4-B91D-1B3B26EEDD39}.Debug|x64.ActiveCfg = Debug|Any CPU
		{852396A8-025E-4FE4-B91D-1B3B26EEDD39}.Debug|x64.Build.0 = Debug|Any CPU
		{852396A8-025E-4FE4-B91D-1B3B26EEDD39}.Debug|x86.ActiveCfg = Debug|Any CPU
		{852396A8-025E-4FE4-B91D-1B3B26EEDD39}.Debug|x86.Build.0 = Debug|Any CPU
		{852396A8-025E-4FE4-B91D-1B3B26EEDD39}.Release|Any CPU.ActiveCfg = Release|Any CPU
		{852396A8-025E-4FE4-B91D-1B3B26EEDD39}.Release|Any CPU.Build.0 = Release|Any CPU
		{852396A8-025E-4FE4-B91D-1B3B26EEDD39}.Release|x64.ActiveCfg = Release|Any CPU
		{852396A8-025E-4FE4-B91D-1B3B26EEDD39}.Release|x64.Build.0 = Release|Any CPU
		{852396A8-025E-4FE4-B91D-1B3B26EEDD39}.Release|x86.ActiveCfg = Release|Any CPU
		{852396A8-025E-4FE4-B91D-1B3B26EEDD39}.Release|x86.Build.0 = Release|Any CPU
		{D10EF1E0-9798-444B-917F-1F031B47B1E4}.Debug|Any CPU.ActiveCfg = Debug|Any CPU
		{D10EF1E0-9798-444B-917F-1F031B47B1E4}.Debug|Any CPU.Build.0 = Debug|Any CPU
		{D10EF1E0-9798-444B-917F-1F031B47B1E4}.Debug|x64.ActiveCfg = Debug|Any CPU
		{D10EF1E0-9798-444B-917F-1F031B47B1E4}.Debug|x64.Build.0 = Debug|Any CPU
		{D10EF1E0-9798-444B-917F-1F031B47B1E4}.Debug|x86.ActiveCfg = Debug|Any CPU
		{D10EF1E0-9798-444B-917F-1F031B47B1E4}.Debug|x86.Build.0 = Debug|Any CPU
		{D10EF1E0-9798-444B-917F-1F031B47B1E4}.Release|Any CPU.ActiveCfg = Release|Any CPU
		{D10EF1E0-9798-444B-917F-1F031B47B1E4}.Release|Any CPU.Build.0 = Release|Any CPU
		{D10EF1E0-9798-444B-917F-1F031B47B1E4}.Release|x64.ActiveCfg = Release|Any CPU
		{D10EF1E0-9798-444B-917F-1F031B47B1E4}.Release|x64.Build.0 = Release|Any CPU
		{D10EF1E0-9798-444B-917F-1F031B47B1E4}.Release|x86.ActiveCfg = Release|Any CPU
		{D10EF1E0-9798-444B-917F-1F031B47B1E4}.Release|x86.Build.0 = Release|Any CPU
		{D0A7C43C-30A2-4E92-8707-3F9AFB74DA11}.Debug|Any CPU.ActiveCfg = Debug|Any CPU
		{D0A7C43C-30A2-4E92-8707-3F9AFB74DA11}.Debug|Any CPU.Build.0 = Debug|Any CPU
		{D0A7C43C-30A2-4E92-8707-3F9AFB74DA11}.Debug|x64.ActiveCfg = Debug|Any CPU
		{D0A7C43C-30A2-4E92-8707-3F9AFB74DA11}.Debug|x64.Build.0 = Debug|Any CPU
		{D0A7C43C-30A2-4E92-8707-3F9AFB74DA11}.Debug|x86.ActiveCfg = Debug|Any CPU
		{D0A7C43C-30A2-4E92-8707-3F9AFB74DA11}.Debug|x86.Build.0 = Debug|Any CPU
		{D0A7C43C-30A2-4E92-8707-3F9AFB74DA11}.Release|Any CPU.ActiveCfg = Release|Any CPU
		{D0A7C43C-30A2-4E92-8707-3F9AFB74DA11}.Release|Any CPU.Build.0 = Release|Any CPU
		{D0A7C43C-30A2-4E92-8707-3F9AFB74DA11}.Release|x64.ActiveCfg = Release|Any CPU
		{D0A7C43C-30A2-4E92-8707-3F9AFB74DA11}.Release|x64.Build.0 = Release|Any CPU
		{D0A7C43C-30A2-4E92-8707-3F9AFB74DA11}.Release|x86.ActiveCfg = Release|Any CPU
		{D0A7C43C-30A2-4E92-8707-3F9AFB74DA11}.Release|x86.Build.0 = Release|Any CPU
		{6B0B537A-0FEC-4729-ACA0-C53FE34CCB2A}.Debug|Any CPU.ActiveCfg = Debug|Any CPU
		{6B0B537A-0FEC-4729-ACA0-C53FE34CCB2A}.Debug|Any CPU.Build.0 = Debug|Any CPU
		{6B0B537A-0FEC-4729-ACA0-C53FE34CCB2A}.Debug|x64.ActiveCfg = Debug|Any CPU
		{6B0B537A-0FEC-4729-ACA0-C53FE34CCB2A}.Debug|x64.Build.0 = Debug|Any CPU
		{6B0B537A-0FEC-4729-ACA0-C53FE34CCB2A}.Debug|x86.ActiveCfg = Debug|Any CPU
		{6B0B537A-0FEC-4729-ACA0-C53FE34CCB2A}.Debug|x86.Build.0 = Debug|Any CPU
		{6B0B537A-0FEC-4729-ACA0-C53FE34CCB2A}.Release|Any CPU.ActiveCfg = Release|Any CPU
		{6B0B537A-0FEC-4729-ACA0-C53FE34CCB2A}.Release|Any CPU.Build.0 = Release|Any CPU
		{6B0B537A-0FEC-4729-ACA0-C53FE34CCB2A}.Release|x64.ActiveCfg = Release|Any CPU
		{6B0B537A-0FEC-4729-ACA0-C53FE34CCB2A}.Release|x64.Build.0 = Release|Any CPU
		{6B0B537A-0FEC-4729-ACA0-C53FE34CCB2A}.Release|x86.ActiveCfg = Release|Any CPU
		{6B0B537A-0FEC-4729-ACA0-C53FE34CCB2A}.Release|x86.Build.0 = Release|Any CPU
		{4262C037-39A9-4DCF-99EC-C2981D84693F}.Debug|Any CPU.ActiveCfg = Debug|Any CPU
		{4262C037-39A9-4DCF-99EC-C2981D84693F}.Debug|Any CPU.Build.0 = Debug|Any CPU
		{4262C037-39A9-4DCF-99EC-C2981D84693F}.Debug|x64.ActiveCfg = Debug|Any CPU
		{4262C037-39A9-4DCF-99EC-C2981D84693F}.Debug|x64.Build.0 = Debug|Any CPU
		{4262C037-39A9-4DCF-99EC-C2981D84693F}.Debug|x86.ActiveCfg = Debug|Any CPU
		{4262C037-39A9-4DCF-99EC-C2981D84693F}.Debug|x86.Build.0 = Debug|Any CPU
		{4262C037-39A9-4DCF-99EC-C2981D84693F}.Release|Any CPU.ActiveCfg = Release|Any CPU
		{4262C037-39A9-4DCF-99EC-C2981D84693F}.Release|Any CPU.Build.0 = Release|Any CPU
		{4262C037-39A9-4DCF-99EC-C2981D84693F}.Release|x64.ActiveCfg = Release|Any CPU
		{4262C037-39A9-4DCF-99EC-C2981D84693F}.Release|x64.Build.0 = Release|Any CPU
		{4262C037-39A9-4DCF-99EC-C2981D84693F}.Release|x86.ActiveCfg = Release|Any CPU
		{4262C037-39A9-4DCF-99EC-C2981D84693F}.Release|x86.Build.0 = Release|Any CPU
		{9E98B603-411E-414C-9A93-4373004BF26B}.Debug|Any CPU.ActiveCfg = Debug|Any CPU
		{9E98B603-411E-414C-9A93-4373004BF26B}.Debug|Any CPU.Build.0 = Debug|Any CPU
		{9E98B603-411E-414C-9A93-4373004BF26B}.Debug|x64.ActiveCfg = Debug|Any CPU
		{9E98B603-411E-414C-9A93-4373004BF26B}.Debug|x64.Build.0 = Debug|Any CPU
		{9E98B603-411E-414C-9A93-4373004BF26B}.Debug|x86.ActiveCfg = Debug|Any CPU
		{9E98B603-411E-414C-9A93-4373004BF26B}.Debug|x86.Build.0 = Debug|Any CPU
		{9E98B603-411E-414C-9A93-4373004BF26B}.Release|Any CPU.ActiveCfg = Release|Any CPU
		{9E98B603-411E-414C-9A93-4373004BF26B}.Release|Any CPU.Build.0 = Release|Any CPU
		{9E98B603-411E-414C-9A93-4373004BF26B}.Release|x64.ActiveCfg = Release|Any CPU
		{9E98B603-411E-414C-9A93-4373004BF26B}.Release|x64.Build.0 = Release|Any CPU
		{9E98B603-411E-414C-9A93-4373004BF26B}.Release|x86.ActiveCfg = Release|Any CPU
		{9E98B603-411E-414C-9A93-4373004BF26B}.Release|x86.Build.0 = Release|Any CPU
		{FD932CAD-D2E6-4F16-80BB-41EFB309E32D}.Debug|Any CPU.ActiveCfg = Debug|Any CPU
		{FD932CAD-D2E6-4F16-80BB-41EFB309E32D}.Debug|Any CPU.Build.0 = Debug|Any CPU
		{FD932CAD-D2E6-4F16-80BB-41EFB309E32D}.Debug|x64.ActiveCfg = Debug|Any CPU
		{FD932CAD-D2E6-4F16-80BB-41EFB309E32D}.Debug|x64.Build.0 = Debug|Any CPU
		{FD932CAD-D2E6-4F16-80BB-41EFB309E32D}.Debug|x86.ActiveCfg = Debug|Any CPU
		{FD932CAD-D2E6-4F16-80BB-41EFB309E32D}.Debug|x86.Build.0 = Debug|Any CPU
		{FD932CAD-D2E6-4F16-80BB-41EFB309E32D}.Release|Any CPU.ActiveCfg = Release|Any CPU
		{FD932CAD-D2E6-4F16-80BB-41EFB309E32D}.Release|Any CPU.Build.0 = Release|Any CPU
		{FD932CAD-D2E6-4F16-80BB-41EFB309E32D}.Release|x64.ActiveCfg = Release|Any CPU
		{FD932CAD-D2E6-4F16-80BB-41EFB309E32D}.Release|x64.Build.0 = Release|Any CPU
		{FD932CAD-D2E6-4F16-80BB-41EFB309E32D}.Release|x86.ActiveCfg = Release|Any CPU
		{FD932CAD-D2E6-4F16-80BB-41EFB309E32D}.Release|x86.Build.0 = Release|Any CPU
		{4AC3821A-395B-4132-971D-A20539437C7A}.Debug|Any CPU.ActiveCfg = Debug|Any CPU
		{4AC3821A-395B-4132-971D-A20539437C7A}.Debug|Any CPU.Build.0 = Debug|Any CPU
		{4AC3821A-395B-4132-971D-A20539437C7A}.Debug|x64.ActiveCfg = Debug|Any CPU
		{4AC3821A-395B-4132-971D-A20539437C7A}.Debug|x64.Build.0 = Debug|Any CPU
		{4AC3821A-395B-4132-971D-A20539437C7A}.Debug|x86.ActiveCfg = Debug|Any CPU
		{4AC3821A-395B-4132-971D-A20539437C7A}.Debug|x86.Build.0 = Debug|Any CPU
		{4AC3821A-395B-4132-971D-A20539437C7A}.Release|Any CPU.ActiveCfg = Release|Any CPU
		{4AC3821A-395B-4132-971D-A20539437C7A}.Release|Any CPU.Build.0 = Release|Any CPU
		{4AC3821A-395B-4132-971D-A20539437C7A}.Release|x64.ActiveCfg = Release|Any CPU
		{4AC3821A-395B-4132-971D-A20539437C7A}.Release|x64.Build.0 = Release|Any CPU
		{4AC3821A-395B-4132-971D-A20539437C7A}.Release|x86.ActiveCfg = Release|Any CPU
		{4AC3821A-395B-4132-971D-A20539437C7A}.Release|x86.Build.0 = Release|Any CPU
	EndGlobalSection
	GlobalSection(SolutionProperties) = preSolution
		HideSolutionNode = FALSE
	EndGlobalSection
	GlobalSection(NestedProjects) = preSolution
		{95AF1480-9F84-72C8-4930-CB7FF39A86E3} = {1AE8ACA6-933B-BF2A-3671-3E2EAC007D16}
		{F766CF98-FC32-5A57-6C06-01EC5CCF8DDB} = {95AF1480-9F84-72C8-4930-CB7FF39A86E3}
		{153E2282-AE5E-4A94-8D0E-D26AB6570823} = {95AF1480-9F84-72C8-4930-CB7FF39A86E3}
		{DDD739D6-6D40-4ABB-9F6C-C2EE6C02E47A} = {1AE8ACA6-933B-BF2A-3671-3E2EAC007D16}
		{FAA9246B-E3F2-4A1B-98F2-97AB2679FD6F} = {DDD739D6-6D40-4ABB-9F6C-C2EE6C02E47A}
		{B3DAFF6D-D4FE-4FE7-8558-C9F44DBEBAF1} = {DDD739D6-6D40-4ABB-9F6C-C2EE6C02E47A}
		{B23E875B-E403-4961-8AF8-D9A2198B0753} = {DDD739D6-6D40-4ABB-9F6C-C2EE6C02E47A}
		{99EFF6C9-F00A-449E-86AB-E0ADFEC68878} = {DDD739D6-6D40-4ABB-9F6C-C2EE6C02E47A}
		{852396A8-025E-4FE4-B91D-1B3B26EEDD39} = {DDD739D6-6D40-4ABB-9F6C-C2EE6C02E47A}
		{D10EF1E0-9798-444B-917F-1F031B47B1E4} = {DDD739D6-6D40-4ABB-9F6C-C2EE6C02E47A}
		{D0A7C43C-30A2-4E92-8707-3F9AFB74DA11} = {DDD739D6-6D40-4ABB-9F6C-C2EE6C02E47A}
		{F57642F3-C37C-D174-720E-6A6AAD5BEE22} = {1AE8ACA6-933B-BF2A-3671-3E2EAC007D16}
		{6B0B537A-0FEC-4729-ACA0-C53FE34CCB2A} = {F57642F3-C37C-D174-720E-6A6AAD5BEE22}
		{FA312981-20B0-07CD-A9A3-78514F8C9F61} = {95AF1480-9F84-72C8-4930-CB7FF39A86E3}
		{4262C037-39A9-4DCF-99EC-C2981D84693F} = {FA312981-20B0-07CD-A9A3-78514F8C9F61}
		{9E98B603-411E-414C-9A93-4373004BF26B} = {FA312981-20B0-07CD-A9A3-78514F8C9F61}
		{FD932CAD-D2E6-4F16-80BB-41EFB309E32D} = {FA312981-20B0-07CD-A9A3-78514F8C9F61}
		{4AC3821A-395B-4132-971D-A20539437C7A} = {FA312981-20B0-07CD-A9A3-78514F8C9F61}
	EndGlobalSection
	GlobalSection(ExtensibilityGlobals) = postSolution
		SolutionGuid = {49230203-0B2A-4146-8A2B-B791F1195E9F}
	EndGlobalSection
EndGlobal
